
Microsoft Visual Studio Solution File, Format Version 12.00
# Visual Studio Version 17
VisualStudioVersion = 17.7.34221.43
MinimumVisualStudioVersion = 10.0.40219.1
Project("{FAE04EC0-301F-11D3-BF4B-00C04F79EFBC}") = "educational practice", "educational practice.csproj", "{B9F64351-B7AD-4BC1-84AC-F7413039F14B}"
EndProject
Global
	GlobalSection(SolutionConfigurationPlatforms) = preSolution
		Debug|Any CPU = Debug|Any CPU
		Release|Any CPU = Release|Any CPU
	EndGlobalSection
	GlobalSection(ProjectConfigurationPlatforms) = postSolution
		{B9F64351-B7AD-4BC1-84AC-F7413039F14B}.Debug|Any CPU.ActiveCfg = Debug|Any CPU
		{B9F64351-B7AD-4BC1-84AC-F7413039F14B}.Debug|Any CPU.Build.0 = Debug|Any CPU
		{B9F64351-B7AD-4BC1-84AC-F7413039F14B}.Release|Any CPU.ActiveCfg = Release|Any CPU
		{B9F64351-B7AD-4BC1-84AC-F7413039F14B}.Release|Any CPU.Build.0 = Release|Any CPU
	EndGlobalSection
	GlobalSection(SolutionProperties) = preSolution
		HideSolutionNode = FALSE
	EndGlobalSection
	GlobalSection(ExtensibilityGlobals) = postSolution
		SolutionGuid = {BB3C126C-D656-408A-8A67-BDA8D3740771}
	EndGlobalSection
EndGlobal
